{
    "name": "webwork.javascript_package_manager",
    "requires": true,
    "lockfileVersion": 1,
    "dependencies": {
        "@fortawesome/fontawesome-free": {
            "version": "5.15.2",
            "resolved": "https://registry.npmjs.org/@fortawesome/fontawesome-free/-/fontawesome-free-5.15.2.tgz",
            "integrity": "sha512-7l/AX41m609L/EXI9EKH3Vs3v0iA8tKlIOGtw+kgcoanI7p+e4I4GYLqW3UXWiTnjSFymKSmTTPKYrivzbxxqA=="
        },
        "jquery": {
            "version": "3.5.1",
            "resolved": "https://registry.npmjs.org/jquery/-/jquery-3.5.1.tgz",
            "integrity": "sha512-XwIBPqcMn57FxfT+Go5pzySnm4KWkT1Tv7gjrpT1srtf8Weynl6R273VJ5GjkRb51IzMp5nbaPjJXMWeju2MKg=="
        },
        "jquery-ui-dist": {
            "version": "1.12.1",
            "resolved": "https://registry.npmjs.org/jquery-ui-dist/-/jquery-ui-dist-1.12.1.tgz",
            "integrity": "sha1-XAgV08xvkP9fqvWyaKbiO0ypBPo="
        },
        "jquery-ui-themes": {
            "version": "1.12.0",
            "resolved": "https://registry.npmjs.org/jquery-ui-themes/-/jquery-ui-themes-1.12.0.tgz",
            "integrity": "sha1-pXugrZaADYRSL+dok//L3mcIHVE="
        }
    }
}
